PODS:
  - CollectionViewCenteredFlowLayout (1.0.1)
  - Differentiator (4.0.1)
  - ReactorKit (2.1.0):
    - RxSwift (~> 5.0)
    - WeakMapTable (~> 1.1)
  - RxCocoa (5.1.1):
    - RxRelay (~> 5)
    - RxSwift (~> 5)
  - RxDataSources (4.0.1):
    - Differentiator (~> 4.0)
    - RxCocoa (~> 5.0)
    - RxSwift (~> 5.0)
  - RxRelay (5.1.1):
    - RxSwift (~> 5)
  - RxSwift (5.1.1)
  - WeakMapTable (1.1.0)

DEPENDENCIES:
  - CollectionViewCenteredFlowLayout (= 1.0.1)
  - ReactorKit
  - RxCocoa
  - RxDataSources
  - RxSwift

SPEC REPOS:
  trunk:
    - CollectionViewCenteredFlowLayout
    - Differentiator
    - ReactorKit
    - RxCocoa
    - RxDataSources
    - RxRelay
    - RxSwift
    - WeakMapTable

SPEC CHECKSUMS:
  CollectionViewCenteredFlowLayout: 339b935be4d8578c59e448c8906117a07c657d85
  Differentiator: 886080237d9f87f322641dedbc5be257061b0602
  ReactorKit: 12a93358c554bb3f167b16b14c40374fa9cd5acd
  RxCocoa: 32065309a38d29b5b0db858819b5bf9ef038b601
  RxDataSources: efee07fa4de48477eca0a4611e6d11e2da9c1114
  RxRelay: d77f7d771495f43c556cbc43eebd1bb54d01e8e9
  RxSwift: 81470a2074fa8780320ea5fe4102807cb7118178
  WeakMapTable: d0327eda092be6a8f7c532942ae98dc7948f5d32

PODFILE CHECKSUM: 33e2f68c26abe9dd718dabb23481f34e9ef755c8

COCOAPODS: 1.9.3
