// !$*UTF8*$!
{
	archiveVersion = 1;
	classes = {
	};
	objectVersion = 51;
	objects = {

/* Begin PBXBuildFile section */
		893822AE69DC8C8C7245791D /* Pods_FlexboxPlayground.framework in Frameworks */ = {isa = PBXBuildFile; fileRef = AEEC3AADF0D141EC3BDCA5D7 /* Pods_FlexboxPlayground.framework */; };
		DD34D73624B74BC9009BDF69 /* AppDelegate.swift in Sources */ = {isa = PBXBuildFile; fileRef = DD34D73524B74BC9009BDF69 /* AppDelegate.swift */; };
		DD34D73824B74BC9009BDF69 /* SceneDelegate.swift in Sources */ = {isa = PBXBuildFile; fileRef = DD34D73724B74BC9009BDF69 /* SceneDelegate.swift */; };
		DD34D73A24B74BC9009BDF69 /* ViewController.swift in Sources */ = {isa = PBXBuildFile; fileRef = DD34D73924B74BC9009BDF69 /* ViewController.swift */; };
		DD34D73D24B74BC9009BDF69 /* Main.storyboard in Resources */ = {isa = PBXBuildFile; fileRef = DD34D73B24B74BC9009BDF69 /* Main.storyboard */; };
		DD34D73F24B74BCB009BDF69 /* Assets.xcassets in Resources */ = {isa = PBXBuildFile; fileRef = DD34D73E24B74BCB009BDF69 /* Assets.xcassets */; };
		DD34D74224B74BCB009BDF69 /* LaunchScreen.storyboard in Resources */ = {isa = PBXBuildFile; fileRef = DD34D74024B74BCB009BDF69 /* LaunchScreen.storyboard */; };
/* End PBXBuildFile section */

/* Begin PBXFileReference section */
		A9D7EE47B344A9E5321DFBCB /* Pods-FlexboxPlayground.release.xcconfig */ = {isa = PBXFileReference; includeInIndex = 1; lastKnownFileType = text.xcconfig; name = "Pods-FlexboxPlayground.release.xcconfig"; path = "Target Support Files/Pods-FlexboxPlayground/Pods-FlexboxPlayground.release.xcconfig"; sourceTree = "<group>"; };
		AEEC3AADF0D141EC3BDCA5D7 /* Pods_FlexboxPlayground.framework */ = {isa = PBXFileReference; explicitFileType = wrapper.framework; includeInIndex = 0; path = Pods_FlexboxPlayground.framework; sourceTree = BUILT_PRODUCTS_DIR; };
		DD34D73224B74BC9009BDF69 /* FlexboxPlayground.app */ = {isa = PBXFileReference; explicitFileType = wrapper.application; includeInIndex = 0; path = FlexboxPlayground.app; sourceTree = BUILT_PRODUCTS_DIR; };
		DD34D73524B74BC9009BDF69 /* AppDelegate.swift */ = {isa = PBXFileReference; lastKnownFileType = sourcecode.swift; path = AppDelegate.swift; sourceTree = "<group>"; };
		DD34D73724B74BC9009BDF69 /* SceneDelegate.swift */ = {isa = PBXFileReference; lastKnownFileType = sourcecode.swift; path = SceneDelegate.swift; sourceTree = "<group>"; };
		DD34D73924B74BC9009BDF69 /* ViewController.swift */ = {isa = PBXFileReference; lastKnownFileType = sourcecode.swift; path = ViewController.swift; sourceTree = "<group>"; };
		DD34D73C24B74BC9009BDF69 /* Base */ = {isa = PBXFileReference; lastKnownFileType = file.storyboard; name = Base; path = Base.lproj/Main.storyboard; sourceTree = "<group>"; };
		DD34D73E24B74BCB009BDF69 /* Assets.xcassets */ = {isa = PBXFileReference; lastKnownFileType = folder.assetcatalog; path = Assets.xcassets; sourceTree = "<group>"; };
		DD34D74124B74BCB009BDF69 /* Base */ = {isa = PBXFileReference; lastKnownFileType = file.storyboard; name = Base; path = Base.lproj/LaunchScreen.storyboard; sourceTree = "<group>"; };
		DD34D74324B74BCB009BDF69 /* Info.plist */ = {isa = PBXFileReference; lastKnownFileType = text.plist.xml; path = Info.plist; sourceTree = "<group>"; };
		EFC9799904BEF01EA2CEDE99 /* Pods-FlexboxPlayground.debug.xcconfig */ = {isa = PBXFileReference; includeInIndex = 1; lastKnownFileType = text.xcconfig; name = "Pods-FlexboxPlayground.debug.xcconfig"; path = "Target Support Files/Pods-FlexboxPlayground/Pods-FlexboxPlayground.debug.xcconfig"; sourceTree = "<group>"; };
/* End PBXFileReference section */

/* Begin PBXFrameworksBuildPhase section */
		DD34D72F24B74BC9009BDF69 /* Frameworks */ = {
			isa = PBXFrameworksBuildPhase;
			buildActionMask = 2147483647;
			files = (
				893822AE69DC8C8C7245791D /* Pods_FlexboxPlayground.framework in Frameworks */,
			);
			runOnlyForDeploymentPostprocessing = 0;
		};
/* End PBXFrameworksBuildPhase section */

/* Begin PBXGroup section */
		93BF4558226878A75EE914C7 /* Frameworks */ = {
			isa = PBXGroup;
			children = (
				AEEC3AADF0D141EC3BDCA5D7 /* Pods_FlexboxPlayground.framework */,
			);
			name = Frameworks;
			sourceTree = "<group>";
		};
		DD34D72924B74BC9009BDF69 = {
			isa = PBXGroup;
			children = (
				DD34D73424B74BC9009BDF69 /* FlexboxPlayground */,
				DD34D73324B74BC9009BDF69 /* Products */,
				EB38EF3950A49EB4AAC8CF80 /* Pods */,
				93BF4558226878A75EE914C7 /* Frameworks */,
			);
			sourceTree = "<group>";
		};
		DD34D73324B74BC9009BDF69 /* Products */ = {
			isa = PBXGroup;
			children = (
				DD34D73224B74BC9009BDF69 /* FlexboxPlayground.app */,
			);
			name = Products;
			sourceTree = "<group>";
		};
		DD34D73424B74BC9009BDF69 /* FlexboxPlayground */ = {
			isa = PBXGroup;
			children = (
				DD34D73524B74BC9009BDF69 /* AppDelegate.swift */,
				DD34D73724B74BC9009BDF69 /* SceneDelegate.swift */,
				DD34D73924B74BC9009BDF69 /* ViewController.swift */,
				DD34D73B24B74BC9009BDF69 /* Main.storyboard */,
				DD34D73E24B74BCB009BDF69 /* Assets.xcassets */,
				DD34D74024B74BCB009BDF69 /* LaunchScreen.storyboard */,
				DD34D74324B74BCB009BDF69 /* Info.plist */,
			);
			path = FlexboxPlayground;
			sourceTree = "<group>";
		};
		EB38EF3950A49EB4AAC8CF80 /* Pods */ = {
			isa = PBXGroup;
			children = (
				EFC9799904BEF01EA2CEDE99 /* Pods-FlexboxPlayground.debug.xcconfig */,
				A9D7EE47B344A9E5321DFBCB /* Pods-FlexboxPlayground.release.xcconfig */,
			);
			path = Pods;
			sourceTree = "<group>";
		};
/* End PBXGroup section */

/* Begin PBXNativeTarget section */
		DD34D73124B74BC9009BDF69 /* FlexboxPlayground */ = {
			isa = PBXNativeTarget;
			buildConfigurationList = DD34D74624B74BCB009BDF69 /* Build configuration list for PBXNativeTarget "FlexboxPlayground" */;
			buildPhases = (
				13033C9C3A3210F1A3EE9035 /* [CP] Check Pods Manifest.lock */,
				DD34D72E24B74BC9009BDF69 /* Sources */,
				DD34D72F24B74BC9009BDF69 /* Frameworks */,
				DD34D73024B74BC9009BDF69 /* Resources */,
				A239A99D33B1FF427479DC0F /* [CP] Embed Pods Frameworks */,
			);
			buildRules = (
			);
			dependencies = (
			);
			name = FlexboxPlayground;
			productName = FlexboxPlayground;
			productReference = DD34D73224B74BC9009BDF69 /* FlexboxPlayground.app */;
			productType = "com.apple.product-type.application";
		};
/* End PBXNativeTarget section */

/* Begin PBXProject section */
		DD34D72A24B74BC9009BDF69 /* Project object */ = {
			isa = PBXProject;
			attributes = {
				LastSwiftUpdateCheck = 1150;
				LastUpgradeCheck = 1150;
				ORGANIZATIONNAME = "Wantedly, Inc.";
				TargetAttributes = {
					DD34D73124B74BC9009BDF69 = {
						CreatedOnToolsVersion = 11.5;
					};
				};
			};
			buildConfigurationList = DD34D72D24B74BC9009BDF69 /* Build configuration list for PBXProject "FlexboxPlayground" */;
			compatibilityVersion = "Xcode 9.3";
			developmentRegion = en;
			hasScannedForEncodings = 0;
			knownRegions = (
				en,
				Base,
			);
			mainGroup = DD34D72924B74BC9009BDF69;
			productRefGroup = DD34D73324B74BC9009BDF69 /* Products */;
			projectDirPath = "";
			projectRoot = "";
			targets = (
				DD34D73124B74BC9009BDF69 /* FlexboxPlayground */,
			);
		};
/* End PBXProject section */

/* Begin PBXResourcesBuildPhase section */
		DD34D73024B74BC9009BDF69 /* Resources */ = {
			isa = PBXResourcesBuildPhase;
			buildActionMask = 2147483647;
			files = (
				DD34D74224B74BCB009BDF69 /* LaunchScreen.storyboard in Resources */,
				DD34D73F24B74BCB009BDF69 /* Assets.xcassets in Resources */,
				DD34D73D24B74BC9009BDF69 /* Main.storyboard in Resources */,
			);
			runOnlyForDeploymentPostprocessing = 0;
		};
/* End PBXResourcesBuildPhase section */

/* Begin PBXShellScriptBuildPhase section */
		13033C9C3A3210F1A3EE9035 /* [CP] Check Pods Manifest.lock */ = {
			isa = PBXShellScriptBuildPhase;
			buildActionMask = 2147483647;
			files = (
			);
			inputFileListPaths = (
			);
			inputPaths = (
				"${PODS_PODFILE_DIR_PATH}/Podfile.lock",
				"${PODS_ROOT}/Manifest.lock",
			);
			name = "[CP] Check Pods Manifest.lock";
			outputFileListPaths = (
			);
			outputPaths = (
				"$(DERIVED_FILE_DIR)/Pods-FlexboxPlayground-checkManifestLockResult.txt",
			);
			runOnlyForDeploymentPostprocessing = 0;
			shellPath = /bin/sh;
			shellScript = "diff \"${PODS_PODFILE_DIR_PATH}/Podfile.lock\" \"${PODS_ROOT}/Manifest.lock\" > /dev/null\nif [ $? != 0 ] ; then\n    # print error to STDERR\n    echo \"error: The sandbox is not in sync with the Podfile.lock. Run 'pod install' or update your CocoaPods installation.\" >&2\n    exit 1\nfi\n# This output is used by Xcode 'outputs' to avoid re-running this script phase.\necho \"SUCCESS\" > \"${SCRIPT_OUTPUT_FILE_0}\"\n";
			showEnvVarsInLog = 0;
		};
		A239A99D33B1FF427479DC0F /* [CP] Embed Pods Frameworks */ = {
			isa = PBXShellScriptBuildPhase;
			buildActionMask = 2147483647;
			files = (
			);
			inputFileListPaths = (
				"${PODS_ROOT}/Target Support Files/Pods-FlexboxPlayground/Pods-FlexboxPlayground-frameworks-${CONFIGURATION}-input-files.xcfilelist",
			);
			name = "[CP] Embed Pods Frameworks";
			outputFileListPaths = (
				"${PODS_ROOT}/Target Support Files/Pods-FlexboxPlayground/Pods-FlexboxPlayground-frameworks-${CONFIGURATION}-output-files.xcfilelist",
			);
			runOnlyForDeploymentPostprocessing = 0;
			shellPath = /bin/sh;
			shellScript = "\"${PODS_ROOT}/Target Support Files/Pods-FlexboxPlayground/Pods-FlexboxPlayground-frameworks.sh\"\n";
			showEnvVarsInLog = 0;
		};
/* End PBXShellScriptBuildPhase section */

/* Begin PBXSourcesBuildPhase section */
		DD34D72E24B74BC9009BDF69 /* Sources */ = {
			isa = PBXSourcesBuildPhase;
			buildActionMask = 2147483647;
			files = (
				DD34D73A24B74BC9009BDF69 /* ViewController.swift in Sources */,
				DD34D73624B74BC9009BDF69 /* AppDelegate.swift in Sources */,
				DD34D73824B74BC9009BDF69 /* SceneDelegate.swift in Sources */,
			);
			runOnlyForDeploymentPostprocessing = 0;
		};
/* End PBXSourcesBuildPhase section */

/* Begin PBXVariantGroup section */
		DD34D73B24B74BC9009BDF69 /* Main.storyboard */ = {
			isa = PBXVariantGroup;
			children = (
				DD34D73C24B74BC9009BDF69 /* Base */,
			);
			name = Main.storyboard;
			sourceTree = "<group>";
		};
		DD34D74024B74BCB009BDF69 /* LaunchScreen.storyboard */ = {
			isa = PBXVariantGroup;
			children = (
				DD34D74124B74BCB009BDF69 /* Base */,
			);
			name = LaunchScreen.storyboard;
			sourceTree = "<group>";
		};
/* End PBXVariantGroup section */

/* Begin XCBuildConfiguration section */
		DD34D74424B74BCB009BDF69 /* Debug */ = {
			isa = XCBuildConfiguration;
			buildSettings = {
				ALWAYS_SEARCH_USER_PATHS = NO;
				CLANG_ANALYZER_NONNULL = YES;
				CLANG_ANALYZER_NUMBER_OBJECT_CONVERSION = YES_AGGRESSIVE;
				CLANG_CXX_LANGUAGE_STANDARD = "gnu++14";
				CLANG_CXX_LIBRARY = "libc++";
				CLANG_ENABLE_MODULES = YES;
				CLANG_ENABLE_OBJC_ARC = YES;
				CLANG_ENABLE_OBJC_WEAK = YES;
				CLANG_WARN_BLOCK_CAPTURE_AUTORELEASING = YES;
				CLANG_WARN_BOOL_CONVERSION = YES;
				CLANG_WARN_COMMA = YES;
				CLANG_WARN_CONSTANT_CONVERSION = YES;
				CLANG_WARN_DEPRECATED_OBJC_IMPLEMENTATIONS = YES;
				CLANG_WARN_DIRECT_OBJC_ISA_USAGE = YES_ERROR;
				CLANG_WARN_DOCUMENTATION_COMMENTS = YES;
				CLANG_WARN_EMPTY_BODY = YES;
				CLANG_WARN_ENUM_CONVERSION = YES;
				CLANG_WARN_INFINITE_RECURSION = YES;
				CLANG_WARN_INT_CONVERSION = YES;
				CLANG_WARN_NON_LITERAL_NULL_CONVERSION = YES;
				CLANG_WARN_OBJC_IMPLICIT_RETAIN_SELF = YES;
				CLANG_WARN_OBJC_LITERAL_CONVERSION = YES;
				CLANG_WARN_OBJC_ROOT_CLASS = YES_ERROR;
				CLANG_WARN_RANGE_LOOP_ANALYSIS = YES;
				CLANG_WARN_STRICT_PROTOTYPES = YES;
				CLANG_WARN_SUSPICIOUS_MOVE = YES;
				CLANG_WARN_UNGUARDED_AVAILABILITY = YES_AGGRESSIVE;
				CLANG_WARN_UNREACHABLE_CODE = YES;
				CLANG_WARN__DUPLICATE_METHOD_MATCH = YES;
				COPY_PHASE_STRIP = NO;
				DEBUG_INFORMATION_FORMAT = dwarf;
				ENABLE_STRICT_OBJC_MSGSEND = YES;
				ENABLE_TESTABILITY = YES;
				GCC_C_LANGUAGE_STANDARD = gnu11;
				GCC_DYNAMIC_NO_PIC = NO;
				GCC_NO_COMMON_BLOCKS = YES;
				GCC_OPTIMIZATION_LEVEL = 0;
				GCC_PREPROCESSOR_DEFINITIONS = (
					"DEBUG=1",
					"$(inherited)",
				);
				GCC_WARN_64_TO_32_BIT_CONVERSION = YES;
				GCC_WARN_ABOUT_RETURN_TYPE = YES_ERROR;
				GCC_WARN_UNDECLARED_SELECTOR = YES;
				GCC_WARN_UNINITIALIZED_AUTOS = YES_AGGRESSIVE;
				GCC_WARN_UNUSED_FUNCTION = YES;
				GCC_WARN_UNUSED_VARIABLE = YES;
				IPHONEOS_DEPLOYMENT_TARGET = 13.5;
				MTL_ENABLE_DEBUG_INFO = INCLUDE_SOURCE;
				MTL_FAST_MATH = YES;
				ONLY_ACTIVE_ARCH = YES;
				SDKROOT = iphoneos;
				SWIFT_ACTIVE_COMPILATION_CONDITIONS = DEBUG;
				SWIFT_OPTIMIZATION_LEVEL = "-Onone";
			};
			name = Debug;
		};
		DD34D74524B74BCB009BDF69 /* Release */ = {
			isa = XCBuildConfiguration;
			buildSettings = {
				ALWAYS_SEARCH_USER_PATHS = NO;
				CLANG_ANALYZER_NONNULL = YES;
				CLANG_ANALYZER_NUMBER_OBJECT_CONVERSION = YES_AGGRESSIVE;
				CLANG_CXX_LANGUAGE_STANDARD = "gnu++14";
				CLANG_CXX_LIBRARY = "libc++";
				CLANG_ENABLE_MODULES = YES;
				CLANG_ENABLE_OBJC_ARC = YES;
				CLANG_ENABLE_OBJC_WEAK = YES;
				CLANG_WARN_BLOCK_CAPTURE_AUTORELEASING = YES;
				CLANG_WARN_BOOL_CONVERSION = YES;
				CLANG_WARN_COMMA = YES;
				CLANG_WARN_CONSTANT_CONVERSION = YES;
				CLANG_WARN_DEPRECATED_OBJC_IMPLEMENTATIONS = YES;
				CLANG_WARN_DIRECT_OBJC_ISA_USAGE = YES_ERROR;
				CLANG_WARN_DOCUMENTATION_COMMENTS = YES;
				CLANG_WARN_EMPTY_BODY = YES;
				CLANG_WARN_ENUM_CONVERSION = YES;
				CLANG_WARN_INFINITE_RECURSION = YES;
				CLANG_WARN_INT_CONVERSION = YES;
				CLANG_WARN_NON_LITERAL_NULL_CONVERSION = YES;
				CLANG_WARN_OBJC_IMPLICIT_RETAIN_SELF = YES;
				CLANG_WARN_OBJC_LITERAL_CONVERSION = YES;
				CLANG_WARN_OBJC_ROOT_CLASS = YES_ERROR;
				CLANG_WARN_RANGE_LOOP_ANALYSIS = YES;
				CLANG_WARN_STRICT_PROTOTYPES = YES;
				CLANG_WARN_SUSPICIOUS_MOVE = YES;
				CLANG_WARN_UNGUARDED_AVAILABILITY = YES_AGGRESSIVE;
				CLANG_WARN_UNREACHABLE_CODE = YES;
				CLANG_WARN__DUPLICATE_METHOD_MATCH = YES;
				COPY_PHASE_STRIP = NO;
				DEBUG_INFORMATION_FORMAT = "dwarf-with-dsym";
				ENABLE_NS_ASSERTIONS = NO;
				ENABLE_STRICT_OBJC_MSGSEND = YES;
				GCC_C_LANGUAGE_STANDARD = gnu11;
				GCC_NO_COMMON_BLOCKS = YES;
				GCC_WARN_64_TO_32_BIT_CONVERSION = YES;
				GCC_WARN_ABOUT_RETURN_TYPE = YES_ERROR;
				GCC_WARN_UNDECLARED_SELECTOR = YES;
				GCC_WARN_UNINITIALIZED_AUTOS = YES_AGGRESSIVE;
				GCC_WARN_UNUSED_FUNCTION = YES;
				GCC_WARN_UNUSED_VARIABLE = YES;
				IPHONEOS_DEPLOYMENT_TARGET = 13.5;
				MTL_ENABLE_DEBUG_INFO = NO;
				MTL_FAST_MATH = YES;
				SDKROOT = iphoneos;
				SWIFT_COMPILATION_MODE = wholemodule;
				SWIFT_OPTIMIZATION_LEVEL = "-O";
				VALIDATE_PRODUCT = YES;
			};
			name = Release;
		};
		DD34D74724B74BCB009BDF69 /* Debug */ = {
			isa = XCBuildConfiguration;
			baseConfigurationReference = EFC9799904BEF01EA2CEDE99 /* Pods-FlexboxPlayground.debug.xcconfig */;
			buildSettings = {
				ASSETCATALOG_COMPILER_APPICON_NAME = AppIcon;
				CODE_SIGN_STYLE = Automatic;
				DEVELOPMENT_TEAM = "";
				INFOPLIST_FILE = FlexboxPlayground/Info.plist;
				LD_RUNPATH_SEARCH_PATHS = (
					"$(inherited)",
					"@executable_path/Frameworks",
				);
				PRODUCT_BUNDLE_IDENTIFIER = com.wantedly.FlexboxPlayground;
				PRODUCT_NAME = "$(TARGET_NAME)";
				SWIFT_VERSION = 5.0;
				TARGETED_DEVICE_FAMILY = "1,2";
			};
			name = Debug;
		};
		DD34D74824B74BCB009BDF69 /* Release */ = {
			isa = XCBuildConfiguration;
			baseConfigurationReference = A9D7EE47B344A9E5321DFBCB /* Pods-FlexboxPlayground.release.xcconfig */;
			buildSettings = {
				ASSETCATALOG_COMPILER_APPICON_NAME = AppIcon;
				CODE_SIGN_STYLE = Automatic;
				DEVELOPMENT_TEAM = "";
				INFOPLIST_FILE = FlexboxPlayground/Info.plist;
				LD_RUNPATH_SEARCH_PATHS = (
					"$(inherited)",
					"@executable_path/Frameworks",
				);
				PRODUCT_BUNDLE_IDENTIFIER = com.wantedly.FlexboxPlayground;
				PRODUCT_NAME = "$(TARGET_NAME)";
				SWIFT_VERSION = 5.0;
				TARGETED_DEVICE_FAMILY = "1,2";
			};
			name = Release;
		};
/* End XCBuildConfiguration section */

/* Begin XCConfigurationList section */
		DD34D72D24B74BC9009BDF69 /* Build configuration list for PBXProject "FlexboxPlayground" */ = {
			isa = XCConfigurationList;
			buildConfigurations = (
				DD34D74424B74BCB009BDF69 /* Debug */,
				DD34D74524B74BCB009BDF69 /* Release */,
			);
			defaultConfigurationIsVisible = 0;
			defaultConfigurationName = Release;
		};
		DD34D74624B74BCB009BDF69 /* Build configuration list for PBXNativeTarget "FlexboxPlayground" */ = {
			isa = XCConfigurationList;
			buildConfigurations = (
				DD34D74724B74BCB009BDF69 /* Debug */,
				DD34D74824B74BCB009BDF69 /* Release */,
			);
			defaultConfigurationIsVisible = 0;
			defaultConfigurationName = Release;
		};
/* End XCConfigurationList section */
	};
	rootObject = DD34D72A24B74BC9009BDF69 /* Project object */;
}
